[[package]]
name = "appnope"
version = "0.1.3"
summary = "Disable App Nap on macOS >= 10.9"

[[package]]
name = "asgiref"
version = "3.5.2"
requires_python = ">=3.7"
summary = "ASGI specs, helper code, and adapters"

[[package]]
name = "asttokens"
version = "2.1.0"
summary = "Annotate AST trees with source code positions"
dependencies = [
    "six",
]

[[package]]
name = "attrs"
version = "22.1.0"
requires_python = ">=3.5"
summary = "Classes Without Boilerplate"

[[package]]
name = "backcall"
version = "0.2.0"
summary = "Specifications for callback functions passed in to an API"

[[package]]
name = "black"
version = "22.10.0"
requires_python = ">=3.7"
summary = "The uncompromising code formatter."
dependencies = [
    "click>=8.0.0",
    "mypy-extensions>=0.4.3",
    "pathspec>=0.9.0",
    "platformdirs>=2",
]

[[package]]
name = "click"
version = "8.1.3"
requires_python = ">=3.7"
summary = "Composable command line interface toolkit"
dependencies = [
    "colorama; platform_system == \"Windows\"",
]

[[package]]
name = "colorama"
version = "0.4.6"
requires_python = "!=3.0.*,!=3.1.*,!=3.2.*,!=3.3.*,!=3.4.*,!=3.5.*,!=3.6.*,>=2.7"
summary = "Cross-platform colored terminal text."

[[package]]
name = "decorator"
version = "5.1.1"
requires_python = ">=3.5"
summary = "Decorators for Humans"

[[package]]
name = "django"
version = "4.1.3"
requires_python = ">=3.8"
summary = "A high-level Python web framework that encourages rapid development and clean, pragmatic design."
dependencies = [
    "asgiref<4,>=3.5.2",
    "sqlparse>=0.2.2",
    "tzdata; sys_platform == \"win32\"",
]

[[package]]
name = "django-pytest"
version = "0.2.0"
summary = "django test runner to use py.test tests"

[[package]]
name = "django-stubs"
version = "1.13.0"
requires_python = ">=3.7"
summary = "Mypy stubs for Django"
dependencies = [
    "django",
    "django-stubs-ext>=0.7.0",
    "mypy>=0.980",
    "tomli",
    "types-PyYAML",
    "types-pytz",
    "typing-extensions",
]

[[package]]
name = "django-stubs-ext"
version = "0.7.0"
requires_python = ">=3.7"
summary = "Monkey-patching and extensions for django-stubs"
dependencies = [
    "django",
    "typing-extensions",
]

[[package]]
name = "django-types"
version = "0.16.0"
requires_python = ">=3.7,<4.0"
summary = "Type stubs for Django"

[[package]]
name = "executing"
version = "1.2.0"
summary = "Get the currently executing AST node of a frame, and other information"

[[package]]
name = "future"
version = "0.18.2"
requires_python = ">=2.6, !=3.0.*, !=3.1.*, !=3.2.*"
summary = "Clean single-source support for Python 3 and 2"

[[package]]
name = "gunicorn"
version = "20.1.0"
requires_python = ">=3.5"
summary = "WSGI HTTP Server for UNIX"
dependencies = [
    "setuptools>=3.0",
]

[[package]]
name = "iniconfig"
version = "1.1.1"
summary = "iniconfig: brain-dead simple config-ini parsing"

[[package]]
name = "ipython"
version = "8.6.0"
requires_python = ">=3.8"
summary = "IPython: Productive Interactive Computing"
dependencies = [
    "appnope; sys_platform == \"darwin\"",
    "backcall",
    "colorama; sys_platform == \"win32\"",
    "decorator",
    "jedi>=0.16",
    "matplotlib-inline",
    "pexpect>4.3; sys_platform != \"win32\"",
    "pickleshare",
    "prompt-toolkit<3.1.0,>3.0.1",
    "pygments>=2.4.0",
    "stack-data",
    "traitlets>=5",
]

[[package]]
name = "jedi"
version = "0.18.1"
requires_python = ">=3.6"
summary = "An autocompletion tool for Python that can be used for text editors."
dependencies = [
    "parso<0.9.0,>=0.8.0",
]

[[package]]
name = "mando"
version = "0.6.4"
summary = "Create Python CLI apps with little to no effort at all!"
dependencies = [
    "six",
]

[[package]]
name = "matplotlib-inline"
version = "0.1.6"
requires_python = ">=3.5"
summary = "Inline Matplotlib backend for Jupyter"
dependencies = [
    "traitlets",
]

[[package]]
name = "mccabe"
version = "0.7.0"
requires_python = ">=3.6"
summary = "McCabe checker, plugin for flake8"

[[package]]
name = "mypy"
version = "0.991"
requires_python = ">=3.7"
summary = "Optional static typing for Python"
dependencies = [
    "mypy-extensions>=0.4.3",
    "typing-extensions>=3.10",
]

[[package]]
name = "mypy-extensions"
version = "0.4.3"
summary = "Experimental type system extensions for programs checked with the mypy typechecker."

[[package]]
name = "nodeenv"
version = "1.7.0"
requires_python = ">=2.7,!=3.0.*,!=3.1.*,!=3.2.*,!=3.3.*,!=3.4.*,!=3.5.*,!=3.6.*"
summary = "Node.js virtual environment builder"
dependencies = [
    "setuptools",
]

[[package]]
name = "packaging"
version = "21.3"
requires_python = ">=3.6"
summary = "Core utilities for Python packages"
dependencies = [
    "pyparsing!=3.0.5,>=2.0.2",
]

[[package]]
name = "parso"
version = "0.8.3"
requires_python = ">=3.6"
summary = "A Python Parser"

[[package]]
name = "pathspec"
version = "0.10.2"
requires_python = ">=3.7"
summary = "Utility library for gitignore style pattern matching of file paths."

[[package]]
name = "pexpect"
version = "4.8.0"
summary = "Pexpect allows easy control of interactive console applications."
dependencies = [
    "ptyprocess>=0.5",
]

[[package]]
name = "pickleshare"
version = "0.7.5"
summary = "Tiny 'shelve'-like database with concurrency support"

[[package]]
name = "platformdirs"
version = "2.5.4"
requires_python = ">=3.7"
summary = "A small Python package for determining appropriate platform-specific dirs, e.g. a \"user data dir\"."

[[package]]
name = "pluggy"
version = "1.0.0"
requires_python = ">=3.6"
summary = "plugin and hook calling mechanisms for python"

[[package]]
name = "prompt-toolkit"
version = "3.0.32"
requires_python = ">=3.6.2"
summary = "Library for building powerful interactive command lines in Python"
dependencies = [
    "wcwidth",
]

[[package]]
name = "ptyprocess"
version = "0.7.0"
summary = "Run a subprocess in a pseudo terminal"

[[package]]
name = "pure-eval"
version = "0.2.2"
summary = "Safely evaluate AST nodes without side effects"

[[package]]
name = "pycodestyle"
version = "2.9.1"
requires_python = ">=3.6"
summary = "Python style guide checker"

[[package]]
name = "pydocstyle"
version = "6.1.1"
requires_python = ">=3.6"
summary = "Python docstring style checker"
dependencies = [
    "snowballstemmer",
]

[[package]]
name = "pyflakes"
version = "2.5.0"
requires_python = ">=3.6"
summary = "passive checker of Python programs"

[[package]]
name = "pygments"
version = "2.13.0"
requires_python = ">=3.6"
summary = "Pygments is a syntax highlighting package written in Python."

[[package]]
name = "pylama"
version = "8.4.1"
requires_python = ">=3.7"
summary = "Code audit tool for python"
dependencies = [
    "mccabe>=0.7.0",
    "pycodestyle>=2.9.1",
    "pydocstyle>=6.1.1",
    "pyflakes>=2.5.0",
]

[[package]]
name = "pylama"
version = "8.4.1"
extras = ["radon"]
requires_python = ">=3.7"
summary = "Code audit tool for python"
dependencies = [
    "pylama==8.4.1",
    "radon",
]

[[package]]
name = "pyparsing"
version = "3.0.9"
requires_python = ">=3.6.8"
summary = "pyparsing module - Classes and methods to define and execute parsing grammars"

[[package]]
name = "pyright"
version = "1.1.280"
requires_python = ">=3.7"
summary = "Command line wrapper for pyright"
dependencies = [
    "nodeenv>=1.6.0",
]

[[package]]
name = "pytest"
version = "7.2.0"
requires_python = ">=3.7"
summary = "pytest: simple powerful testing with Python"
dependencies = [
    "attrs>=19.2.0",
    "colorama; sys_platform == \"win32\"",
    "iniconfig",
    "packaging",
    "pluggy<2.0,>=0.12",
]

[[package]]
name = "pytest-django"
version = "4.5.2"
requires_python = ">=3.5"
summary = "A Django plugin for pytest."
dependencies = [
    "pytest>=5.4.0",
]

[[package]]
name = "radon"
version = "5.1.0"
summary = "Code Metrics in Python"
dependencies = [
    "colorama>=0.4.1; python_version > \"3.4\"",
    "future",
    "mando<0.7,>=0.6",
]

[[package]]
name = "setuptools"
version = "65.5.1"
requires_python = ">=3.7"
summary = "Easily download, build, install, upgrade, and uninstall Python packages"

[[package]]
name = "six"
version = "1.16.0"
requires_python = ">=2.7, !=3.0.*, !=3.1.*, !=3.2.*"
summary = "Python 2 and 3 compatibility utilities"

[[package]]
name = "snowballstemmer"
version = "2.2.0"
summary = "This package provides 29 stemmers for 28 languages generated from Snowball algorithms."

[[package]]
name = "sqlparse"
version = "0.4.3"
requires_python = ">=3.5"
summary = "A non-validating SQL parser."

[[package]]
name = "stack-data"
version = "0.6.1"
summary = "Extract data from python stack frames and tracebacks for informative displays"
dependencies = [
    "asttokens>=2.1.0",
    "executing>=1.2.0",
    "pure-eval",
]

[[package]]
name = "tomli"
version = "2.0.1"
requires_python = ">=3.7"
summary = "A lil' TOML parser"

[[package]]
name = "traitlets"
version = "5.5.0"
requires_python = ">=3.7"
summary = ""

[[package]]
name = "types-pytz"
version = "2022.6.0.1"
summary = "Typing stubs for pytz"

[[package]]
name = "types-pyyaml"
version = "6.0.12.2"
summary = "Typing stubs for PyYAML"

[[package]]
name = "typing-extensions"
version = "4.4.0"
requires_python = ">=3.7"
summary = "Backported and Experimental Type Hints for Python 3.7+"

[[package]]
name = "tzdata"
version = "2022.6"
requires_python = ">=2"
summary = "Provider of IANA time zone data"

[[package]]
name = "wcwidth"
version = "0.2.5"
summary = "Measures the displayed width of unicode strings in a terminal"

[metadata]
lock_version = "4.0"
content_hash = "sha256:90ff644cd3bae3f3f59ee84a57f4973cbdb929da568da7c432eff69d7a8befe4"

[metadata.files]
"appnope 0.1.3" = [
    {url = "https://files.pythonhosted.org/packages/41/4a/381783f26df413dde4c70c734163d88ca0550a1361cb74a1c68f47550619/appnope-0.1.3-py2.py3-none-any.whl", hash = "sha256:265a455292d0bd8a72453494fa24df5a11eb18373a60c7c0430889f22548605e"},
    {url = "https://files.pythonhosted.org/packages/6a/cd/355842c0db33192ac0fc822e2dcae835669ef317fe56c795fb55fcddb26f/appnope-0.1.3.tar.gz", hash = "sha256:02bd91c4de869fbb1e1c50aafc4098827a7a54ab2f39d9dcba6c9547ed920e24"},
]
"asgiref 3.5.2" = [
    {url = "https://files.pythonhosted.org/packages/1f/35/e7d59b92ceffb1dc62c65156278de378670b46ab2364a3ea7216fe194ba3/asgiref-3.5.2.tar.gz", hash = "sha256:4a29362a6acebe09bf1d6640db38c1dc3d9217c68e6f9f6204d72667fc19a424"},
    {url = "https://files.pythonhosted.org/packages/af/6d/ea3a5c3027c3f14b0321cd4f7e594c776ebe64e4b927432ca6917512a4f7/asgiref-3.5.2-py3-none-any.whl", hash = "sha256:1d2880b792ae8757289136f1db2b7b99100ce959b2aa57fd69dab783d05afac4"},
]
"asttokens 2.1.0" = [
    {url = "https://files.pythonhosted.org/packages/23/f7/19e20888d0b1e44b40c2795894a05e7be1f631c09949f7e0b177df1ab7a2/asttokens-2.1.0-py2.py3-none-any.whl", hash = "sha256:1b28ed85e254b724439afc783d4bee767f780b936c3fe8b3275332f42cf5f561"},
    {url = "https://files.pythonhosted.org/packages/ff/b9/40d8b5f23c59def4f4a67a807e899e00200db11f63b4ac9bde5838b709de/asttokens-2.1.0.tar.gz", hash = "sha256:4aa76401a151c8cc572d906aad7aea2a841780834a19d780f4321c0fe1b54635"},
]
"attrs 22.1.0" = [
    {url = "https://files.pythonhosted.org/packages/1a/cb/c4ffeb41e7137b23755a45e1bfec9cbb76ecf51874c6f1d113984ecaa32c/attrs-22.1.0.tar.gz", hash = "sha256:29adc2665447e5191d0e7c568fde78b21f9672d344281d0c6e1ab085429b22b6"},
    {url = "https://files.pythonhosted.org/packages/f2/bc/d817287d1aa01878af07c19505fafd1165cd6a119e9d0821ca1d1c20312d/attrs-22.1.0-py2.py3-none-any.whl", hash = "sha256:86efa402f67bf2df34f51a335487cf46b1ec130d02b8d39fd248abfd30da551c"},
]
"backcall 0.2.0" = [
    {url = "https://files.pythonhosted.org/packages/4c/1c/ff6546b6c12603d8dd1070aa3c3d273ad4c07f5771689a7b69a550e8c951/backcall-0.2.0-py2.py3-none-any.whl", hash = "sha256:fbbce6a29f263178a1f7915c1940bde0ec2b2a967566fe1c65c1dfb7422bd255"},
    {url = "https://files.pythonhosted.org/packages/a2/40/764a663805d84deee23043e1426a9175567db89c8b3287b5c2ad9f71aa93/backcall-0.2.0.tar.gz", hash = "sha256:5cbdbf27be5e7cfadb448baf0aa95508f91f2bbc6c6437cd9cd06e2a4c215e1e"},
]
"black 22.10.0" = [
    {url = "https://files.pythonhosted.org/packages/2c/11/f2737cd3b458d91401801e83a014e87c63e8904dc063200f77826c352f54/black-22.10.0-cp310-cp310-macosx_11_0_arm64.whl", hash = "sha256:2039230db3c6c639bd84efe3292ec7b06e9214a2992cd9beb293d639c6402edb"},
    {url = "https://files.pythonhosted.org/packages/3d/c5/b3ab9b563f35fb284d37ab2b14acaed9a27d8cdea9c31364766eb54946a7/black-22.10.0-cp37-cp37m-win_amd64.whl", hash = "sha256:9311e99228ae10023300ecac05be5a296f60d2fd10fff31cf5c1fa4ca4b1988d"},
    {url = "https://files.pythonhosted.org/packages/56/df/913d71817c7034edba25d596c54f782c2f809b6af30367d2f00309e8890a/black-22.10.0-cp311-cp311-win_amd64.whl", hash = "sha256:21199526696b8f09c3997e2b4db8d0b108d801a348414264d2eb8eb2532e540d"},
    {url = "https://files.pythonhosted.org/packages/69/21/846c95710cc6561ba980bd6c72479dbcdde742e927ff5ef7340916d003ac/black-22.10.0-1fixedarch-cp38-cp38-macosx_10_16_x86_64.whl", hash = "sha256:2644b5d63633702bc2c5f3754b1b475378fbbfb481f62319388235d0cd104c2d"},
    {url = "https://files.pythonhosted.org/packages/69/84/903cdf41514088d5a716538cb189c471ab34e56ae9a1c2da6b8bfe8e4dbf/black-22.10.0-cp39-cp39-macosx_11_0_arm64.whl", hash = "sha256:974308c58d057a651d182208a484ce80a26dac0caef2895836a92dd6ebd725e0"},
    {url = "https://files.pythonhosted.org/packages/71/f8/57e47ea67f59613c4368a952062bc3429131249920cffbb8362fd404b733/black-22.10.0-cp38-cp38-macosx_11_0_arm64.whl", hash = "sha256:fba8a281e570adafb79f7755ac8721b6cf1bbf691186a287e990c7929c7692ff"},
    {url = "https://files.pythonhosted.org/packages/86/da/edebcc6c13441d91eff6761e50512bc6d6886a556dc5357b399694122b4f/black-22.10.0-1fixedarch-cp37-cp37m-macosx_10_16_x86_64.whl", hash = "sha256:197df8509263b0b8614e1df1756b1dd41be6738eed2ba9e9769f3880c2b9d7b6"},
    {url = "https://files.pythonhosted.org/packages/91/e6/d9b78987d7d903369ba1a0b795bce4de06f0155be6609f15e8950aef8f7e/black-22.10.0-cp38-cp38-win_amd64.whl", hash = "sha256:444ebfb4e441254e87bad00c661fe32df9969b2bf224373a448d8aca2132b395"},
    {url = "https://files.pythonhosted.org/packages/a3/89/629fca2eea0899c06befaa58dc0f49d56807d454202bb2e54bd0d98c77f3/black-22.10.0.tar.gz", hash = "sha256:f513588da599943e0cde4e32cc9879e825d58720d6557062d1098c5ad80080e1"},
    {url = "https://files.pythonhosted.org/packages/a5/5f/9cfc6dd95965f8df30194472543e6f0515a10d78ea5378426ef1546735c7/black-22.10.0-cp310-cp310-manylinux_2_17_x86_64.manylinux2014_x86_64.whl", hash = "sha256:14ff67aec0a47c424bc99b71005202045dc09270da44a27848d534600ac64fc7"},
    {url = "https://files.pythonhosted.org/packages/a6/84/5c3f3ffc4143fa7e208d745d2239d915e74d3709fdbc64c3e98d3fd27e56/black-22.10.0-1fixedarch-cp311-cp311-macosx_11_0_x86_64.whl", hash = "sha256:5d8f74030e67087b219b032aa33a919fae8806d49c867846bfacde57f43972ef"},
    {url = "https://files.pythonhosted.org/packages/ab/15/61119d166a44699827c112d7c4726421f14323c2cb7aa9f4c26628f237f9/black-22.10.0-cp39-cp39-win_amd64.whl", hash = "sha256:432247333090c8c5366e69627ccb363bc58514ae3e63f7fc75c54b1ea80fa7de"},
    {url = "https://files.pythonhosted.org/packages/ae/49/ea03c318a25be359b8e5178a359d47e2da8f7524e1522c74b8f74c66b6f8/black-22.10.0-1fixedarch-cp310-cp310-macosx_11_0_x86_64.whl", hash = "sha256:5cc42ca67989e9c3cf859e84c2bf014f6633db63d1cbdf8fdb666dcd9e77e3fa"},
    {url = "https://files.pythonhosted.org/packages/b0/9e/fa912c5ae4b8eb6d36982fc8ac2d779cf944dbd7c3c1fe7a28acf462c1ed/black-22.10.0-cp311-cp311-manylinux_2_17_x86_64.manylinux2014_x86_64.whl", hash = "sha256:b8b49776299fece66bffaafe357d929ca9451450f5466e997a7285ab0fe28e3b"},
    {url = "https://files.pythonhosted.org/packages/b9/51/403b0b0eb9fb412ca02b79dc38472469f2f88c9aacc6bb5262143e4ff0bc/black-22.10.0-cp39-cp39-manylinux_2_17_x86_64.manylinux2014_x86_64.whl", hash = "sha256:72ef3925f30e12a184889aac03d77d031056860ccae8a1e519f6cbb742736383"},
    {url = "https://files.pythonhosted.org/packages/ce/6f/74492b8852ee4f2ad2178178f6b65bc8fc80ad539abe56c1c23eab6732e2/black-22.10.0-py3-none-any.whl", hash = "sha256:c957b2b4ea88587b46cf49d1dc17681c1e672864fd7af32fc1e9664d572b3458"},
    {url = "https://files.pythonhosted.org/packages/d0/5a/5f31494e3acbb6319ee60c3a3a09d3e536a3fd2353f76af9cbff799c4999/black-22.10.0-cp38-cp38-manylinux_2_17_x86_64.manylinux2014_x86_64.whl", hash = "sha256:915ace4ff03fdfff953962fa672d44be269deb2eaf88499a0f8805221bc68c87"},
    {url = "https://files.pythonhosted.org/packages/e2/2f/a8406a9e337a213802aa90a3e9fbf90c86f3edce92f527255fd381309b77/black-22.10.0-cp311-cp311-macosx_11_0_arm64.whl", hash = "sha256:5b9b29da4f564ba8787c119f37d174f2b69cdfdf9015b7d8c5c16121ddc054ae"},
    {url = "https://files.pythonhosted.org/packages/e3/b4/9203f1a0c99aa30389b61fa8cb54bc9f4bf16ac3aa74630c6b974ed3f3b0/black-22.10.0-cp37-cp37m-manylinux_2_17_x86_64.manylinux2014_x86_64.whl", hash = "sha256:1e464456d24e23d11fced2bc8c47ef66d471f845c7b7a42f3bd77bf3d1789650"},
    {url = "https://files.pythonhosted.org/packages/f2/23/f4278377cabf882298b4766e977fd04377f288d1ccef706953076a1e0598/black-22.10.0-1fixedarch-cp39-cp39-macosx_11_0_x86_64.whl", hash = "sha256:e41a86c6c650bcecc6633ee3180d80a025db041a8e2398dcc059b3afa8382cd4"},
    {url = "https://files.pythonhosted.org/packages/ff/ce/22281871536b3d79474fd44d48dad48f7cbc5c3982bddf6a7495e7079d00/black-22.10.0-cp310-cp310-win_amd64.whl", hash = "sha256:819dc789f4498ecc91438a7de64427c73b45035e2e3680c92e18795a839ebb66"},
]
"click 8.1.3" = [
    {url = "https://files.pythonhosted.org/packages/59/87/84326af34517fca8c58418d148f2403df25303e02736832403587318e9e8/click-8.1.3.tar.gz", hash = "sha256:7682dc8afb30297001674575ea00d1814d808d6a36af415a82bd481d37ba7b8e"},
    {url = "https://files.pythonhosted.org/packages/c2/f1/df59e28c642d583f7dacffb1e0965d0e00b218e0186d7858ac5233dce840/click-8.1.3-py3-none-any.whl", hash = "sha256:bb4d8133cb15a609f44e8213d9b391b0809795062913b383c62be0ee95b1db48"},
]
"colorama 0.4.6" = [
    {url = "https://files.pythonhosted.org/packages/d1/d6/3965ed04c63042e047cb6a3e6ed1a63a35087b6a609aa3a15ed8ac56c221/colorama-0.4.6-py2.py3-none-any.whl", hash = "sha256:4f1d9991f5acc0ca119f9d443620b77f9d6b33703e51011c16baf57afb285fc6"},
    {url = "https://files.pythonhosted.org/packages/d8/53/6f443c9a4a8358a93a6792e2acffb9d9d5cb0a5cfd8802644b7b1c9a02e4/colorama-0.4.6.tar.gz", hash = "sha256:08695f5cb7ed6e0531a20572697297273c47b8cae5a63ffc6d6ed5c201be6e44"},
]
"decorator 5.1.1" = [
    {url = "https://files.pythonhosted.org/packages/66/0c/8d907af351aa16b42caae42f9d6aa37b900c67308052d10fdce809f8d952/decorator-5.1.1.tar.gz", hash = "sha256:637996211036b6385ef91435e4fae22989472f9d571faba8927ba8253acbc330"},
    {url = "https://files.pythonhosted.org/packages/d5/50/83c593b07763e1161326b3b8c6686f0f4b0f24d5526546bee538c89837d6/decorator-5.1.1-py3-none-any.whl", hash = "sha256:b8c3f85900b9dc423225913c5aace94729fe1fa9763b38939a95226f02d37186"},
]
"django 4.1.3" = [
    {url = "https://files.pythonhosted.org/packages/4f/be/cd28514516e66c40b87e487be68cf61a1637bd3ec60a2db90bb5075a2df5/Django-4.1.3-py3-none-any.whl", hash = "sha256:6b1de6886cae14c7c44d188f580f8ba8da05750f544c80ae5ad43375ab293cd5"},
    {url = "https://files.pythonhosted.org/packages/d0/ab/33f9c2bd4cf7ff2d319131eca7231247f962f781ebc8a012ebe02582244a/Django-4.1.3.tar.gz", hash = "sha256:678bbfc8604eb246ed54e2063f0765f13b321a50526bdc8cb1f943eda7fa31f1"},
]
"django-pytest 0.2.0" = [
    {url = "https://files.pythonhosted.org/packages/b2/e2/2a87105042c08a6f116aac1d9c666e89982a4f707652a0f7d76e8a88b554/django-pytest-0.2.0.tar.gz", hash = "sha256:de21f20f9e7eb941529d75078b18192506a9f6d4ae80f86fbe2f3bcac8e09d71"},
]
"django-stubs 1.13.0" = [
    {url = "https://files.pythonhosted.org/packages/27/a9/552eedf9ff05bbb09d2b2438b5ffdb4a4b23796a030127cb7d6cce0c5990/django-stubs-1.13.0.tar.gz", hash = "sha256:424fdd1935f859a802365056f9ccf4db12d1d93a5ab3de6d5633dddba0c5fc76"},
    {url = "https://files.pythonhosted.org/packages/ba/ed/2f5291919ceef1f1f042b51433345e515e9a6e2ce144b728446b08e39e3c/django_stubs-1.13.0-py3-none-any.whl", hash = "sha256:eaecc1fc71532c1148f0c9687556651d880165476d7629bf318ff86a903a150c"},
]
"django-stubs-ext 0.7.0" = [
    {url = "https://files.pythonhosted.org/packages/17/9c/3a555dc7ca83c9fa7598d907adf9856f0f767b8f5a5d1036a3d5316e17b9/django_stubs_ext-0.7.0-py3-none-any.whl", hash = "sha256:d729fbc7fe8970a7e26b35956c35b48502516f011d523c0577bdfb02ed956284"},
    {url = "https://files.pythonhosted.org/packages/8f/66/3c1f1116884bab44deba0c6d7fe1ddbba4cfcb6273cc1f5c94d459e120ea/django-stubs-ext-0.7.0.tar.gz", hash = "sha256:4fd8cdbc68d1a421f21bb7e0d9e76d50f6a4b504d350ba786405daf536e90c21"},
]
"django-types 0.16.0" = [
    {url = "https://files.pythonhosted.org/packages/50/64/888223186a4d109a82b93f5e47f302b1095f5e2ac3c9499b178734d82e09/django_types-0.16.0-py3-none-any.whl", hash = "sha256:9df4e1936f304f309a59f4cee19a607e151282fc0d97238833a382fafc5052c8"},
    {url = "https://files.pythonhosted.org/packages/df/db/bb62e2f84ca7827b033833c5dfefb1fa83fc0d1bc91f14a6ea422f881e6e/django-types-0.16.0.tar.gz", hash = "sha256:29d23af8b88fa1579b47418e92ffc1d89bfbdf11eab64d2ae006fa09e54fed9a"},
]
"executing 1.2.0" = [
    {url = "https://files.pythonhosted.org/packages/28/3c/bc3819dd8b1a1588c9215a87271b6178cc5498acaa83885211f5d4d9e693/executing-1.2.0-py2.py3-none-any.whl", hash = "sha256:0314a69e37426e3608aada02473b4161d4caf5a4b244d1d0c48072b8fee7bacc"},
    {url = "https://files.pythonhosted.org/packages/8f/ac/89ff37d8594b0eef176b7cec742ac868fef853b8e18df0309e3def9f480b/executing-1.2.0.tar.gz", hash = "sha256:19da64c18d2d851112f09c287f8d3dbbdf725ab0e569077efb6cdcbd3497c107"},
]
"future 0.18.2" = [
    {url = "https://files.pythonhosted.org/packages/45/0b/38b06fd9b92dc2b68d58b75f900e97884c45bedd2ff83203d933cf5851c9/future-0.18.2.tar.gz", hash = "sha256:b1bead90b70cf6ec3f0710ae53a525360fa360d306a86583adc6bf83a4db537d"},
]
"gunicorn 20.1.0" = [
    {url = "https://files.pythonhosted.org/packages/28/5b/0d1f0296485a6af03366604142ea8f19f0833894db3512a40ed07b2a56dd/gunicorn-20.1.0.tar.gz", hash = "sha256:e0a968b5ba15f8a328fdfd7ab1fcb5af4470c28aaf7e55df02a99bc13138e6e8"},
    {url = "https://files.pythonhosted.org/packages/e4/dd/5b190393e6066286773a67dfcc2f9492058e9b57c4867a95f1ba5caf0a83/gunicorn-20.1.0-py3-none-any.whl", hash = "sha256:9dcc4547dbb1cb284accfb15ab5667a0e5d1881cc443e0677b4882a4067a807e"},
]
"iniconfig 1.1.1" = [
    {url = "https://files.pythonhosted.org/packages/23/a2/97899f6bd0e873fed3a7e67ae8d3a08b21799430fb4da15cfedf10d6e2c2/iniconfig-1.1.1.tar.gz", hash = "sha256:bc3af051d7d14b2ee5ef9969666def0cd1a000e121eaea580d4a313df4b37f32"},
    {url = "https://files.pythonhosted.org/packages/9b/dd/b3c12c6d707058fa947864b67f0c4e0c39ef8610988d7baea9578f3c48f3/iniconfig-1.1.1-py2.py3-none-any.whl", hash = "sha256:011e24c64b7f47f6ebd835bb12a743f2fbe9a26d4cecaa7f53bc4f35ee9da8b3"},
]
"ipython 8.6.0" = [
    {url = "https://files.pythonhosted.org/packages/7f/59/05e94e067afb61460f0d5229a1edb800e2f65b8436085fad9cd262d80d45/ipython-8.6.0.tar.gz", hash = "sha256:7c959e3dedbf7ed81f9b9d8833df252c430610e2a4a6464ec13cd20975ce20a5"},
    {url = "https://files.pythonhosted.org/packages/c7/53/072d677a16fd61f5806d80218c65202cc0ee77b831088af8f79ef59efcf2/ipython-8.6.0-py3-none-any.whl", hash = "sha256:91ef03016bcf72dd17190f863476e7c799c6126ec7e8be97719d1bc9a78a59a4"},
]
"jedi 0.18.1" = [
    {url = "https://files.pythonhosted.org/packages/b3/0e/836f12ec50075161e365131f13f5758451645af75c2becf61c6351ecec39/jedi-0.18.1-py2.py3-none-any.whl", hash = "sha256:637c9635fcf47945ceb91cd7f320234a7be540ded6f3e99a50cb6febdfd1ba8d"},
    {url = "https://files.pythonhosted.org/packages/c2/25/273288df952e07e3190446efbbb30b0e4871a0d63b4246475f3019d4f55e/jedi-0.18.1.tar.gz", hash = "sha256:74137626a64a99c8eb6ae5832d99b3bdd7d29a3850fe2aa80a4126b2a7d949ab"},
]
"mando 0.6.4" = [
    {url = "https://files.pythonhosted.org/packages/8a/fe/1b94ddd9c89c8be761c0b5ca01498029f1253f059a59f03f7be369255e75/mando-0.6.4.tar.gz", hash = "sha256:79feb19dc0f097daa64a1243db578e7674909b75f88ac2220f1c065c10a0d960"},
    {url = "https://files.pythonhosted.org/packages/e6/cc/f6e25247c1493a654785e68cd975e479c311e99dafedd49ed17f8d300e0c/mando-0.6.4-py2.py3-none-any.whl", hash = "sha256:4ce09faec7e5192ffc3c57830e26acba0fd6cd11e1ee81af0d4df0657463bd1c"},
]
"matplotlib-inline 0.1.6" = [
    {url = "https://files.pythonhosted.org/packages/d9/50/3af8c0362f26108e54d58c7f38784a3bdae6b9a450bab48ee8482d737f44/matplotlib-inline-0.1.6.tar.gz", hash = "sha256:f887e5f10ba98e8d2b150ddcf4702c1e5f8b3a20005eb0f74bfdbd360ee6f304"},
    {url = "https://files.pythonhosted.org/packages/f2/51/c34d7a1d528efaae3d8ddb18ef45a41f284eacf9e514523b191b7d0872cc/matplotlib_inline-0.1.6-py3-none-any.whl", hash = "sha256:f1f41aab5328aa5aaea9b16d083b128102f8712542f819fe7e6a420ff581b311"},
]
"mccabe 0.7.0" = [
    {url = "https://files.pythonhosted.org/packages/27/1a/1f68f9ba0c207934b35b86a8ca3aad8395a3d6dd7921c0686e23853ff5a9/mccabe-0.7.0-py2.py3-none-any.whl", hash = "sha256:6c2d30ab6be0e4a46919781807b4f0d834ebdd6c6e3dca0bda5a15f863427b6e"},
    {url = "https://files.pythonhosted.org/packages/e7/ff/0ffefdcac38932a54d2b5eed4e0ba8a408f215002cd178ad1df0f2806ff8/mccabe-0.7.0.tar.gz", hash = "sha256:348e0240c33b60bbdf4e523192ef919f28cb2c3d7d5c7794f74009290f236325"},
]
"mypy 0.991" = [
    {url = "https://files.pythonhosted.org/packages/0e/5c/fbe112ca73d4c6a9e65336f48099c60800514d8949b4129c093a84a28dc8/mypy-0.991.tar.gz", hash = "sha256:3c0165ba8f354a6d9881809ef29f1a9318a236a6d81c690094c5df32107bde06"},
    {url = "https://files.pythonhosted.org/packages/14/05/5a4206e269268f4aecb1096bf2375a231c959987ccf3e31313221b8bc153/mypy-0.991-cp311-cp311-manylinux_2_17_x86_64.manylinux2014_x86_64.whl", hash = "sha256:37bd02ebf9d10e05b00d71302d2c2e6ca333e6c2a8584a98c00e038db8121f05"},
    {url = "https://files.pythonhosted.org/packages/28/9c/e1805f2fea93a92671f33b00dd577119f37e4a8b859d6f6ea62d3e9129fa/mypy-0.991-cp311-cp311-macosx_10_9_x86_64.whl", hash = "sha256:1c8cd4fb70e8584ca1ed5805cbc7c017a3d1a29fb450621089ffed3e99d1857f"},
    {url = "https://files.pythonhosted.org/packages/33/20/c4c15c9e9b7929ef44e35e83c0bcc254c8bf5998bbef0954ae658288e8c6/mypy-0.991-cp38-cp38-macosx_10_9_universal2.whl", hash = "sha256:b86ce2c1866a748c0f6faca5232059f881cda6dda2a893b9a8373353cfe3715a"},
    {url = "https://files.pythonhosted.org/packages/39/05/7a7d58afc7d00e819e553ad2485a29141e14575e3b0c43b9da6f869ede4c/mypy-0.991-cp310-cp310-manylinux_2_17_x86_64.manylinux2014_x86_64.whl", hash = "sha256:bc9ec663ed6c8f15f4ae9d3c04c989b744436c16d26580eaa760ae9dd5d662eb"},
    {url = "https://files.pythonhosted.org/packages/44/d0/81d47bffc80d0cff84174aab266adc3401e735e13c5613418e825c146986/mypy-0.991-cp310-cp310-macosx_10_9_universal2.whl", hash = "sha256:7d17e0a9707d0772f4a7b878f04b4fd11f6f5bcb9b3813975a9b13c9332153ab"},
    {url = "https://files.pythonhosted.org/packages/49/83/34d682a10604845d77a0e7dbde1d0e70f3784d0f67b0df11d2eaf7bb8360/mypy-0.991-cp38-cp38-manylinux_2_17_x86_64.manylinux2014_x86_64.whl", hash = "sha256:a12c56bf73cdab116df96e4ff39610b92a348cc99a1307e1da3c3768bbb5b135"},
    {url = "https://files.pythonhosted.org/packages/4b/98/125e5d14222de8e92f44314f8df21a9c351b531b37c551526acd67486a7d/mypy-0.991-cp311-cp311-musllinux_1_1_x86_64.whl", hash = "sha256:26efb2fcc6b67e4d5a55561f39176821d2adf88f2745ddc72751b7890f3194ad"},
    {url = "https://files.pythonhosted.org/packages/5d/c8/fc9b7cd600330e8c9dbd52b499a76eeaf4b48969a605fb50415a9d361d5b/mypy-0.991-cp38-cp38-musllinux_1_1_x86_64.whl", hash = "sha256:652b651d42f155033a1967739788c436491b577b6a44e4c39fb340d0ee7f0d70"},
    {url = "https://files.pythonhosted.org/packages/6b/22/5e19d1a6f8e029296e7b2fa462d8753fb4365126684c2f840dcb1447e6e8/mypy-0.991-cp39-cp39-macosx_10_9_x86_64.whl", hash = "sha256:6d7464bac72a85cb3491c7e92b5b62f3dcccb8af26826257760a552a5e244aa5"},
    {url = "https://files.pythonhosted.org/packages/80/23/76e56e004acca691b4da4086a8c38bd67b7ae73536848dcab76cfed5c188/mypy-0.991-cp310-cp310-musllinux_1_1_x86_64.whl", hash = "sha256:4307270436fd7694b41f913eb09210faff27ea4979ecbcd849e57d2da2f65305"},
    {url = "https://files.pythonhosted.org/packages/87/ec/62fd00fa5d8ead3ecafed3eb99ee805911f41b11536c5940df1bcb2c845d/mypy-0.991-cp310-cp310-macosx_11_0_arm64.whl", hash = "sha256:0c8f3be99e8a8bd403caa8c03be619544bc2c77a7093685dcf308c6b109426c6"},
    {url = "https://files.pythonhosted.org/packages/89/76/7159258fdbf26a5ceef100b80a82d2f79b9066725a5daeb6383a8f773910/mypy-0.991-cp311-cp311-win_amd64.whl", hash = "sha256:3a700330b567114b673cf8ee7388e949f843b356a73b5ab22dd7cff4742a5297"},
    {url = "https://files.pythonhosted.org/packages/90/a5/3a2c0c02e99a845318cc25556097d96eb8eb85fe53619ac8ff37b44acc46/mypy-0.991-cp37-cp37m-musllinux_1_1_x86_64.whl", hash = "sha256:3d80e36b7d7a9259b740be6d8d906221789b0d836201af4234093cae89ced0cd"},
    {url = "https://files.pythonhosted.org/packages/91/27/716b1cfce990cb58dc92f6601852141bc25e1524c06b3f3a39b0de6d9210/mypy-0.991-cp39-cp39-macosx_11_0_arm64.whl", hash = "sha256:c9166b3f81a10cdf9b49f2d594b21b31adadb3d5e9db9b834866c3258b695be3"},
    {url = "https://files.pythonhosted.org/packages/97/e3/1da0f08c60f555c04b93eff4016611fa1858ea53111dbdc757a37c234042/mypy-0.991-cp37-cp37m-manylinux_2_17_x86_64.manylinux2014_x86_64.whl", hash = "sha256:641411733b127c3e0dab94c45af15fea99e4468f99ac88b39efb1ad677da5711"},
    {url = "https://files.pythonhosted.org/packages/9b/b1/0d5f1549c2894fd9af744e886156870d98ea0b1784952989f10e51eb0030/mypy-0.991-cp37-cp37m-macosx_10_9_x86_64.whl", hash = "sha256:1f7d1a520373e2272b10796c3ff721ea1a0712288cafaa95931e66aa15798813"},
    {url = "https://files.pythonhosted.org/packages/ac/a6/e4d6dca539c637735d0d93f1eee3ac35cedfd9c047da7386b3a59e93f35b/mypy-0.991-cp39-cp39-musllinux_1_1_x86_64.whl", hash = "sha256:5e80e758243b97b618cdf22004beb09e8a2de1af481382e4d84bc52152d1c476"},
    {url = "https://files.pythonhosted.org/packages/af/9a/ee3b76f36e90ecb5e44dd2827bf5992d02c127192366a4c7864cfeab95b6/mypy-0.991-cp38-cp38-macosx_11_0_arm64.whl", hash = "sha256:0cca5adf694af539aeaa6ac633a7afe9bbd760df9d31be55ab780b77ab5ae8bf"},
    {url = "https://files.pythonhosted.org/packages/b1/30/24a92552a7c3df25db5a2e56ae359b4aa9bba6aebc8f0e25523a94e5c1e7/mypy-0.991-cp37-cp37m-win_amd64.whl", hash = "sha256:e62ebaad93be3ad1a828a11e90f0e76f15449371ffeecca4a0a0b9adc99abcef"},
    {url = "https://files.pythonhosted.org/packages/b8/ab/aa2e02fce8ee8885fe98ee2a0549290e9de5caa28febc0cf243bfab020e7/mypy-0.991-cp311-cp311-macosx_10_9_universal2.whl", hash = "sha256:d13674f3fb73805ba0c45eb6c0c3053d218aa1f7abead6e446d474529aafc372"},
    {url = "https://files.pythonhosted.org/packages/bc/b2/6e71e47b259992dcd99d257ce452c0de3f711be713d048fe8f0fda9a9996/mypy-0.991-cp39-cp39-macosx_10_9_universal2.whl", hash = "sha256:98e781cd35c0acf33eb0295e8b9c55cdbef64fcb35f6d3aa2186f289bed6e80d"},
    {url = "https://files.pythonhosted.org/packages/ca/0d/da98f81e7c13a60111dc10a16cbf1b48dc8500df90a1fc959878a5981f49/mypy-0.991-cp39-cp39-win_amd64.whl", hash = "sha256:74e259b5c19f70d35fcc1ad3d56499065c601dfe94ff67ae48b85596b9ec1461"},
    {url = "https://files.pythonhosted.org/packages/d7/f4/dcab9f3c5ed410caca1b9374dbb2b2caa778d225e32f174e266e20291edf/mypy-0.991-cp310-cp310-macosx_10_9_x86_64.whl", hash = "sha256:0714258640194d75677e86c786e80ccf294972cc76885d3ebbb560f11db0003d"},
    {url = "https://files.pythonhosted.org/packages/df/bb/3cf400e05e30939a0fc58b34e0662d8abe8e206464665065b56cf2ca9a62/mypy-0.991-cp311-cp311-macosx_11_0_arm64.whl", hash = "sha256:209ee89fbb0deed518605edddd234af80506aec932ad28d73c08f1400ef80a33"},
    {url = "https://files.pythonhosted.org/packages/e3/84/188ddeaebfc8b5bbdcc3c7f05c09b61758540b2df84aad0146263d66960a/mypy-0.991-cp38-cp38-macosx_10_9_x86_64.whl", hash = "sha256:ac6e503823143464538efda0e8e356d871557ef60ccd38f8824a4257acc18d93"},
    {url = "https://files.pythonhosted.org/packages/e7/a1/c503a15ad69ff133a76c159b8287f0eadc1f521d9796bf81f935886c98f6/mypy-0.991-py3-none-any.whl", hash = "sha256:de32edc9b0a7e67c2775e574cb061a537660e51210fbf6006b0b36ea695ae9bb"},
    {url = "https://files.pythonhosted.org/packages/e9/7e/cc2de45afb46fee694bf285f91df3e227a3b0c671f775524814549c26556/mypy-0.991-cp39-cp39-manylinux_2_17_x86_64.manylinux2014_x86_64.whl", hash = "sha256:b8472f736a5bfb159a5e36740847808f6f5b659960115ff29c7cecec1741c648"},
    {url = "https://files.pythonhosted.org/packages/f3/1d/cc67a674f1cd7f1c10619487a4245185f6f8f14cbd685b60709318e9ac27/mypy-0.991-cp310-cp310-win_amd64.whl", hash = "sha256:901c2c269c616e6cb0998b33d4adbb4a6af0ac4ce5cd078afd7bc95830e62c1c"},
    {url = "https://files.pythonhosted.org/packages/f7/3a/19c01d59d24f1f36fabdeb61a286b4fc5e0456bf6211f5159ad5ebb5f735/mypy-0.991-cp38-cp38-win_amd64.whl", hash = "sha256:4175593dc25d9da12f7de8de873a33f9b2b8bdb4e827a7cae952e5b1a342e243"},
]
"mypy-extensions 0.4.3" = [
    {url = "https://files.pythonhosted.org/packages/5c/eb/975c7c080f3223a5cdaff09612f3a5221e4ba534f7039db34c35d95fa6a5/mypy_extensions-0.4.3-py2.py3-none-any.whl", hash = "sha256:090fedd75945a69ae91ce1303b5824f428daf5a028d2f6ab8a299250a846f15d"},
    {url = "https://files.pythonhosted.org/packages/63/60/0582ce2eaced55f65a4406fc97beba256de4b7a95a0034c6576458c6519f/mypy_extensions-0.4.3.tar.gz", hash = "sha256:2d82818f5bb3e369420cb3c4060a7970edba416647068eb4c5343488a6c604a8"},
]
"nodeenv 1.7.0" = [
    {url = "https://files.pythonhosted.org/packages/96/a8/d3b5baead78adadacb99e7281b3e842126da825cf53df61688cfc8b8ff91/nodeenv-1.7.0-py2.py3-none-any.whl", hash = "sha256:27083a7b96a25f2f5e1d8cb4b6317ee8aeda3bdd121394e5ac54e498028a042e"},
    {url = "https://files.pythonhosted.org/packages/f3/9d/a28ecbd1721cd6c0ea65da6bfb2771d31c5d7e32d916a8f643b062530af3/nodeenv-1.7.0.tar.gz", hash = "sha256:e0e7f7dfb85fc5394c6fe1e8fa98131a2473e04311a45afb6508f7cf1836fa2b"},
]
"packaging 21.3" = [
    {url = "https://files.pythonhosted.org/packages/05/8e/8de486cbd03baba4deef4142bd643a3e7bbe954a784dc1bb17142572d127/packaging-21.3-py3-none-any.whl", hash = "sha256:ef103e05f519cdc783ae24ea4e2e0f508a9c99b2d4969652eed6a2e1ea5bd522"},
    {url = "https://files.pythonhosted.org/packages/df/9e/d1a7217f69310c1db8fdf8ab396229f55a699ce34a203691794c5d1cad0c/packaging-21.3.tar.gz", hash = "sha256:dd47c42927d89ab911e606518907cc2d3a1f38bbd026385970643f9c5b8ecfeb"},
]
"parso 0.8.3" = [
    {url = "https://files.pythonhosted.org/packages/05/63/8011bd08a4111858f79d2b09aad86638490d62fbf881c44e434a6dfca87b/parso-0.8.3-py2.py3-none-any.whl", hash = "sha256:c001d4636cd3aecdaf33cbb40aebb59b094be2a74c556778ef5576c175e19e75"},
    {url = "https://files.pythonhosted.org/packages/a2/0e/41f0cca4b85a6ea74d66d2226a7cda8e41206a624f5b330b958ef48e2e52/parso-0.8.3.tar.gz", hash = "sha256:8c07be290bb59f03588915921e29e8a50002acaf2cdc5fa0e0114f91709fafa0"},
]
"pathspec 0.10.2" = [
    {url = "https://files.pythonhosted.org/packages/42/79/94b21d5fabb97749ca94590315abe150a750483c87add8543781bcb6cd26/pathspec-0.10.2-py3-none-any.whl", hash = "sha256:88c2606f2c1e818b978540f73ecc908e13999c6c3a383daf3705652ae79807a5"},
    {url = "https://files.pythonhosted.org/packages/a2/29/959c72e1a6c3c25eaa46b9bfcc7fd401f65af83163d4796af09272c83c8a/pathspec-0.10.2.tar.gz", hash = "sha256:8f6bf73e5758fd365ef5d58ce09ac7c27d2833a8d7da51712eac6e27e35141b0"},
]
"pexpect 4.8.0" = [
    {url = "https://files.pythonhosted.org/packages/39/7b/88dbb785881c28a102619d46423cb853b46dbccc70d3ac362d99773a78ce/pexpect-4.8.0-py2.py3-none-any.whl", hash = "sha256:0b48a55dcb3c05f3329815901ea4fc1537514d6ba867a152b581d69ae3710937"},
    {url = "https://files.pythonhosted.org/packages/e5/9b/ff402e0e930e70467a7178abb7c128709a30dfb22d8777c043e501bc1b10/pexpect-4.8.0.tar.gz", hash = "sha256:fc65a43959d153d0114afe13997d439c22823a27cefceb5ff35c2178c6784c0c"},
]
"pickleshare 0.7.5" = [
    {url = "https://files.pythonhosted.org/packages/9a/41/220f49aaea88bc6fa6cba8d05ecf24676326156c23b991e80b3f2fc24c77/pickleshare-0.7.5-py2.py3-none-any.whl", hash = "sha256:9649af414d74d4df115d5d718f82acb59c9d418196b7b4290ed47a12ce62df56"},
    {url = "https://files.pythonhosted.org/packages/d8/b6/df3c1c9b616e9c0edbc4fbab6ddd09df9535849c64ba51fcb6531c32d4d8/pickleshare-0.7.5.tar.gz", hash = "sha256:87683d47965c1da65cdacaf31c8441d12b8044cdec9aca500cd78fc2c683afca"},
]
"platformdirs 2.5.4" = [
    {url = "https://files.pythonhosted.org/packages/61/e0/15ba41c6716acb033c3793be3a02f26c53914ecd9bdd6b315001f8f5f581/platformdirs-2.5.4-py3-none-any.whl", hash = "sha256:af0276409f9a02373d540bf8480021a048711d572745aef4b7842dad245eba10"},
    {url = "https://files.pythonhosted.org/packages/cb/5f/dda8451435f17ed8043eab5ffe04e47d703debe8fe845eb074f42260e50a/platformdirs-2.5.4.tar.gz", hash = "sha256:1006647646d80f16130f052404c6b901e80ee4ed6bef6792e1f238a8969106f7"},
]
"pluggy 1.0.0" = [
    {url = "https://files.pythonhosted.org/packages/9e/01/f38e2ff29715251cf25532b9082a1589ab7e4f571ced434f98d0139336dc/pluggy-1.0.0-py2.py3-none-any.whl", hash = "sha256:74134bbf457f031a36d68416e1509f34bd5ccc019f0bcc952c7b909d06b37bd3"},
    {url = "https://files.pythonhosted.org/packages/a1/16/db2d7de3474b6e37cbb9c008965ee63835bba517e22cdb8c35b5116b5ce1/pluggy-1.0.0.tar.gz", hash = "sha256:4224373bacce55f955a878bf9cfa763c1e360858e330072059e10bad68531159"},
]
"prompt-toolkit 3.0.32" = [
    {url = "https://files.pythonhosted.org/packages/03/22/784990e865d847384c28a05ff33ed09791251b320c212f957c62a11bd2ab/prompt_toolkit-3.0.32-py3-none-any.whl", hash = "sha256:24becda58d49ceac4dc26232eb179ef2b21f133fecda7eed6018d341766ed76e"},
    {url = "https://files.pythonhosted.org/packages/e2/d9/1009dbb3811fee624af34df9f460f92b51edac528af316eb5770f9fbd2e1/prompt_toolkit-3.0.32.tar.gz", hash = "sha256:e7f2129cba4ff3b3656bbdda0e74ee00d2f874a8bcdb9dd16f5fec7b3e173cae"},
]
"ptyprocess 0.7.0" = [
    {url = "https://files.pythonhosted.org/packages/20/e5/16ff212c1e452235a90aeb09066144d0c5a6a8c0834397e03f5224495c4e/ptyprocess-0.7.0.tar.gz", hash = "sha256:5c5d0a3b48ceee0b48485e0c26037c0acd7d29765ca3fbb5cb3831d347423220"},
    {url = "https://files.pythonhosted.org/packages/22/a6/858897256d0deac81a172289110f31629fc4cee19b6f01283303e18c8db3/ptyprocess-0.7.0-py2.py3-none-any.whl", hash = "sha256:4b41f3967fce3af57cc7e94b888626c18bf37a083e3651ca8feeb66d492fef35"},
]
"pure-eval 0.2.2" = [
    {url = "https://files.pythonhosted.org/packages/2b/27/77f9d5684e6bce929f5cfe18d6cfbe5133013c06cb2fbf5933670e60761d/pure_eval-0.2.2-py3-none-any.whl", hash = "sha256:01eaab343580944bc56080ebe0a674b39ec44a945e6d09ba7db3cb8cec289350"},
    {url = "https://files.pythonhosted.org/packages/97/5a/0bc937c25d3ce4e0a74335222aee05455d6afa2888032185f8ab50cdf6fd/pure_eval-0.2.2.tar.gz", hash = "sha256:2b45320af6dfaa1750f543d714b6d1c520a1688dec6fd24d339063ce0aaa9ac3"},
]
"pycodestyle 2.9.1" = [
    {url = "https://files.pythonhosted.org/packages/67/e4/fc77f1039c34b3612c4867b69cbb2b8a4e569720b1f19b0637002ee03aff/pycodestyle-2.9.1-py2.py3-none-any.whl", hash = "sha256:d1735fc58b418fd7c5f658d28d943854f8a849b01a5d0a1e6f3f3fdd0166804b"},
    {url = "https://files.pythonhosted.org/packages/b6/83/5bcaedba1f47200f0665ceb07bcb00e2be123192742ee0edfb66b600e5fd/pycodestyle-2.9.1.tar.gz", hash = "sha256:2c9607871d58c76354b697b42f5d57e1ada7d261c261efac224b664affdc5785"},
]
"pydocstyle 6.1.1" = [
    {url = "https://files.pythonhosted.org/packages/4c/30/4cdea3c8342ad343d41603afc1372167c224a04dc5dc0bf4193ccb39b370/pydocstyle-6.1.1.tar.gz", hash = "sha256:1d41b7c459ba0ee6c345f2eb9ae827cab14a7533a88c5c6f7e94923f72df92dc"},
    {url = "https://files.pythonhosted.org/packages/87/67/4df10786068766000518c6ad9c4a614e77585a12ab8f0654c776757ac9dc/pydocstyle-6.1.1-py3-none-any.whl", hash = "sha256:6987826d6775056839940041beef5c08cc7e3d71d63149b48e36727f70144dc4"},
]
"pyflakes 2.5.0" = [
    {url = "https://files.pythonhosted.org/packages/07/92/f0cb5381f752e89a598dd2850941e7f570ac3cb8ea4a344854de486db152/pyflakes-2.5.0.tar.gz", hash = "sha256:491feb020dca48ccc562a8c0cbe8df07ee13078df59813b83959cbdada312ea3"},
    {url = "https://files.pythonhosted.org/packages/dc/13/63178f59f74e53acc2165aee4b002619a3cfa7eeaeac989a9eb41edf364e/pyflakes-2.5.0-py2.py3-none-any.whl", hash = "sha256:4579f67d887f804e67edb544428f264b7b24f435b263c4614f384135cea553d2"},
]
"pygments 2.13.0" = [
    {url = "https://files.pythonhosted.org/packages/4f/82/672cd382e5b39ab1cd422a672382f08a1fb3d08d9e0c0f3707f33a52063b/Pygments-2.13.0-py3-none-any.whl", hash = "sha256:f643f331ab57ba3c9d89212ee4a2dabc6e94f117cf4eefde99a0574720d14c42"},
    {url = "https://files.pythonhosted.org/packages/e0/ef/5905cd3642f2337d44143529c941cc3a02e5af16f0f65f81cbef7af452bb/Pygments-2.13.0.tar.gz", hash = "sha256:56a8508ae95f98e2b9bdf93a6be5ae3f7d8af858b43e02c5a2ff083726be40c1"},
]
"pylama 8.4.1" = [
    {url = "https://files.pythonhosted.org/packages/4d/3c/11be5c276f593f70d858db28e913449af76f07a1fb60612ef4131edc4527/pylama-8.4.1-py3-none-any.whl", hash = "sha256:5bbdbf5b620aba7206d688ed9fc917ecd3d73e15ec1a89647037a09fa3a86e60"},
    {url = "https://files.pythonhosted.org/packages/bf/4f/b6e14fa7fcc805bdfc970c2505535722bcfac7d2a2ad4da826f4865dc0ef/pylama-8.4.1.tar.gz", hash = "sha256:2d4f7aecfb5b7466216d48610c7d6bad1c3990c29cdd392ad08259b161e486f6"},
]
"pyparsing 3.0.9" = [
    {url = "https://files.pythonhosted.org/packages/6c/10/a7d0fa5baea8fe7b50f448ab742f26f52b80bfca85ac2be9d35cdd9a3246/pyparsing-3.0.9-py3-none-any.whl", hash = "sha256:5026bae9a10eeaefb61dab2f09052b9f4307d44aee4eda64b309723d8d206bbc"},
    {url = "https://files.pythonhosted.org/packages/71/22/207523d16464c40a0310d2d4d8926daffa00ac1f5b1576170a32db749636/pyparsing-3.0.9.tar.gz", hash = "sha256:2b020ecf7d21b687f219b71ecad3631f644a47f01403fa1d1036b0c6416d70fb"},
]
"pyright 1.1.280" = [
    {url = "https://files.pythonhosted.org/packages/4e/53/a050187389aed42e926ed9b5a4c953bce91c1f031d2080002fc701f44822/pyright-1.1.280.tar.gz", hash = "sha256:4bcb167251419b3b736137b0535cb6bbfb5bef16eb74057eaf3ccaccb01d74c1"},
    {url = "https://files.pythonhosted.org/packages/a9/3d/66ffee1c6fffd55dd9cf4e4b5e258c606778361683fc2721f729c59512b5/pyright-1.1.280-py3-none-any.whl", hash = "sha256:25917a14d873252c5c2e6fdbec322888c0480f6db95068ff6459befa9af3c92a"},
]
"pytest 7.2.0" = [
    {url = "https://files.pythonhosted.org/packages/0b/21/055f39bf8861580b43f845f9e8270c7786fe629b2f8562ff09007132e2e7/pytest-7.2.0.tar.gz", hash = "sha256:c4014eb40e10f11f355ad4e3c2fb2c6c6d1919c73f3b5a433de4708202cade59"},
    {url = "https://files.pythonhosted.org/packages/67/68/a5eb36c3a8540594b6035e6cdae40c1ef1b6a2bfacbecc3d1a544583c078/pytest-7.2.0-py3-none-any.whl", hash = "sha256:892f933d339f068883b6fd5a459f03d85bfcb355e4981e146d2c7616c21fef71"},
]
"pytest-django 4.5.2" = [
    {url = "https://files.pythonhosted.org/packages/4b/21/b65ecd6686da400e2f6e3c49c2a428325abd979c9670cd97e1671f53296e/pytest_django-4.5.2-py3-none-any.whl", hash = "sha256:c60834861933773109334fe5a53e83d1ef4828f2203a1d6a0fa9972f4f75ab3e"},
    {url = "https://files.pythonhosted.org/packages/9b/42/6d6563165b82289d4a30ea477f85c04386303e51cf4e4e4651d4f9910830/pytest-django-4.5.2.tar.gz", hash = "sha256:d9076f759bb7c36939dbdd5ae6633c18edfc2902d1a69fdbefd2426b970ce6c2"},
]
"radon 5.1.0" = [
    {url = "https://files.pythonhosted.org/packages/c0/0f/25c8256018b6e90265f440651ec60311818c01a008564c0f106b7d915b60/radon-5.1.0-py2.py3-none-any.whl", hash = "sha256:fa74e018197f1fcb54578af0f675d8b8e2342bd8e0b72bef8197bc4c9e645f36"},
    {url = "https://files.pythonhosted.org/packages/f5/37/737fb1a1786d9daed92e3ce1b8fe484c10d2a51078febffddd14ffdc0081/radon-5.1.0.tar.gz", hash = "sha256:cb1d8752e5f862fb9e20d82b5f758cbc4fb1237c92c9a66450ea0ea7bf29aeee"},
]
"setuptools 65.5.1" = [
    {url = "https://files.pythonhosted.org/packages/26/f4/ca5cb6df512f453ad50f78900bf7ec6a5491ee44bb49d0f6f76802dbdd43/setuptools-65.5.1.tar.gz", hash = "sha256:e197a19aa8ec9722928f2206f8de752def0e4c9fc6953527360d1c36d94ddb2f"},
    {url = "https://files.pythonhosted.org/packages/b6/40/353c051f77ee5618adaf1fd96f4f6bae9714ed0a22c7142c01c24eb77fe4/setuptools-65.5.1-py3-none-any.whl", hash = "sha256:d0b9a8433464d5800cbe05094acf5c6d52a91bfac9b52bcfc4d41382be5d5d31"},
]
"six 1.16.0" = [
    {url = "https://files.pythonhosted.org/packages/71/39/171f1c67cd00715f190ba0b100d606d440a28c93c7714febeca8b79af85e/six-1.16.0.tar.gz", hash = "sha256:1e61c37477a1626458e36f7b1d82aa5c9b094fa4802892072e49de9c60c4c926"},
    {url = "https://files.pythonhosted.org/packages/d9/5a/e7c31adbe875f2abbb91bd84cf2dc52d792b5a01506781dbcf25c91daf11/six-1.16.0-py2.py3-none-any.whl", hash = "sha256:8abb2f1d86890a2dfb989f9a77cfcfd3e47c2a354b01111771326f8aa26e0254"},
]
"snowballstemmer 2.2.0" = [
    {url = "https://files.pythonhosted.org/packages/44/7b/af302bebf22c749c56c9c3e8ae13190b5b5db37a33d9068652e8f73b7089/snowballstemmer-2.2.0.tar.gz", hash = "sha256:09b16deb8547d3412ad7b590689584cd0fe25ec8db3be37788be3810cbf19cb1"},
    {url = "https://files.pythonhosted.org/packages/ed/dc/c02e01294f7265e63a7315fe086dd1df7dacb9f840a804da846b96d01b96/snowballstemmer-2.2.0-py2.py3-none-any.whl", hash = "sha256:c8e1716e83cc398ae16824e5572ae04e0d9fc2c6b985fb0f900f5f0c96ecba1a"},
]
"sqlparse 0.4.3" = [
    {url = "https://files.pythonhosted.org/packages/97/d3/31dd2c3e48fc2060819f4acb0686248250a0f2326356306b38a42e059144/sqlparse-0.4.3-py3-none-any.whl", hash = "sha256:0323c0ec29cd52bceabc1b4d9d579e311f3e4961b98d174201d5622a23b85e34"},
    {url = "https://files.pythonhosted.org/packages/ba/fa/5b7662b04b69f3a34b8867877e4dbf2a37b7f2a5c0bbb5a9eed64efd1ad1/sqlparse-0.4.3.tar.gz", hash = "sha256:69ca804846bb114d2ec380e4360a8a340db83f0ccf3afceeb1404df028f57268"},
]
"stack-data 0.6.1" = [
    {url = "https://files.pythonhosted.org/packages/ac/64/2566177ef0a40ca565c230383b13673de6cffa71f75344cdadcff942cd6b/stack_data-0.6.1.tar.gz", hash = "sha256:6c9a10eb5f342415fe085db551d673955611afb821551f554d91772415464315"},
    {url = "https://files.pythonhosted.org/packages/e7/f1/a1f2fd4a75d371412650b3ddc16741e0de383fe701953566c9288f678a5b/stack_data-0.6.1-py3-none-any.whl", hash = "sha256:960cb054d6a1b2fdd9cbd529e365b3c163e8dabf1272e02cfe36b58403cff5c6"},
]
"tomli 2.0.1" = [
    {url = "https://files.pythonhosted.org/packages/97/75/10a9ebee3fd790d20926a90a2547f0bf78f371b2f13aa822c759680ca7b9/tomli-2.0.1-py3-none-any.whl", hash = "sha256:939de3e7a6161af0c887ef91b7d41a53e7c5a1ca976325f429cb46ea9bc30ecc"},
    {url = "https://files.pythonhosted.org/packages/c0/3f/d7af728f075fb08564c5949a9c95e44352e23dee646869fa104a3b2060a3/tomli-2.0.1.tar.gz", hash = "sha256:de526c12914f0c550d15924c62d72abc48d6fe7364aa87328337a31007fe8a4f"},
]
"traitlets 5.5.0" = [
    {url = "https://files.pythonhosted.org/packages/dd/a8/278742d17c9e95ccb0dcb86ae216df114d2166d88e72f42b60a7b58b600b/traitlets-5.5.0.tar.gz", hash = "sha256:b122f9ff2f2f6c1709dab289a05555be011c87828e911c0cf4074b85cb780a79"},
    {url = "https://files.pythonhosted.org/packages/ed/f9/caefd8c90955184e7426ef930e38c185e047169b520b35bdd57d341d03f4/traitlets-5.5.0-py3-none-any.whl", hash = "sha256:1201b2c9f76097195989cdf7f65db9897593b0dfd69e4ac96016661bb6f0d30f"},
]
"types-pytz 2022.6.0.1" = [
    {url = "https://files.pythonhosted.org/packages/19/1c/eba9dea802b22971d12396c55e0f98a24041bc99a26dae7a9c7b8e009a58/types_pytz-2022.6.0.1-py3-none-any.whl", hash = "sha256:bea605ce5d5a5d52a8e1afd7656c9b42476e18a0f888de6be91587355313ddf4"},
    {url = "https://files.pythonhosted.org/packages/df/be/6e8a5f660845f2c756418969aadfeec5edd264f3d672c21b3d5ab0365457/types-pytz-2022.6.0.1.tar.gz", hash = "sha256:d078196374d1277e9f9984d49373ea043cf2c64d5d5c491fbc86c258557bd46f"},
]
"types-pyyaml 6.0.12.2" = [
    {url = "https://files.pythonhosted.org/packages/13/c2/aff0c123a4a8e4b360a52bb62019949fa691d02ca0fda1ac5010171d9d42/types_PyYAML-6.0.12.2-py3-none-any.whl", hash = "sha256:1e94e80aafee07a7e798addb2a320e32956a373f376655128ae20637adb2655b"},
    {url = "https://files.pythonhosted.org/packages/98/f1/b811af145690f4585e5ef03ce961b9ed3e361ace950416bd577dfa6c4918/types-PyYAML-6.0.12.2.tar.gz", hash = "sha256:6840819871c92deebe6a2067fb800c11b8a063632eb4e3e755914e7ab3604e83"},
]
"typing-extensions 4.4.0" = [
    {url = "https://files.pythonhosted.org/packages/0b/8e/f1a0a5a76cfef77e1eb6004cb49e5f8d72634da638420b9ea492ce8305e8/typing_extensions-4.4.0-py3-none-any.whl", hash = "sha256:16fa4864408f655d35ec496218b85f79b3437c829e93320c7c9215ccfd92489e"},
    {url = "https://files.pythonhosted.org/packages/e3/a7/8f4e456ef0adac43f452efc2d0e4b242ab831297f1bac60ac815d37eb9cf/typing_extensions-4.4.0.tar.gz", hash = "sha256:1511434bb92bf8dd198c12b1cc812e800d4181cfcb867674e0f8279cc93087aa"},
]
"tzdata 2022.6" = [
    {url = "https://files.pythonhosted.org/packages/5e/9f/63f7187ffd6d01dd5b5255b8c0b1c4f05ecfe79d940e0a243a6198071832/tzdata-2022.6.tar.gz", hash = "sha256:91f11db4503385928c15598c98573e3af07e7229181bee5375bd30f1695ddcae"},
    {url = "https://files.pythonhosted.org/packages/61/1e/3c4bf37f8d6ceba07ae357e70eedd21bd15a032b460bab6b12a58c0fce9d/tzdata-2022.6-py2.py3-none-any.whl", hash = "sha256:04a680bdc5b15750c39c12a448885a51134a27ec9af83667663f0b3a1bf3f342"},
]
"wcwidth 0.2.5" = [
    {url = "https://files.pythonhosted.org/packages/59/7c/e39aca596badaf1b78e8f547c807b04dae603a433d3e7a7e04d67f2ef3e5/wcwidth-0.2.5-py2.py3-none-any.whl", hash = "sha256:beb4802a9cebb9144e99086eff703a642a13d6a0052920003a230f3294bbe784"},
    {url = "https://files.pythonhosted.org/packages/89/38/459b727c381504f361832b9e5ace19966de1a235d73cdbdea91c771a1155/wcwidth-0.2.5.tar.gz", hash = "sha256:c4d647b99872929fdb7bdcaa4fbe7f01413ed3d98077df798530e5b04f116c83"},
]
